
Microsoft Visual Studio Solution File, Format Version 12.00
# Visual Studio 15
VisualStudioVersion = 15.0.27130.2010
MinimumVisualStudioVersion = 10.0.40219.1
Project("{FAE04EC0-301F-11D3-BF4B-00C04F79EFBC}") = "JqueryDemo", "JqueryDemo\JqueryDemo.csproj", "{E028703D-A61F-482D-AB74-17708D243538}"
EndProject
Global
	GlobalSection(SolutionConfigurationPlatforms) = preSolution
		Debug|Any CPU = Debug|Any CPU
		Release|Any CPU = Release|Any CPU
	EndGlobalSection
	GlobalSection(ProjectConfigurationPlatforms) = postSolution
		{E028703D-A61F-482D-AB74-17708D243538}.Debug|Any CPU.ActiveCfg = Debug|Any CPU
		{E028703D-A61F-482D-AB74-17708D243538}.Debug|Any CPU.Build.0 = Debug|Any CPU
		{E028703D-A61F-482D-AB74-17708D243538}.Release|Any CPU.ActiveCfg = Release|Any CPU
		{E028703D-A61F-482D-AB74-17708D243538}.Release|Any CPU.Build.0 = Release|Any CPU
	EndGlobalSection
	GlobalSection(SolutionProperties) = preSolution
		HideSolutionNode = FALSE
	EndGlobalSection
	GlobalSection(ExtensibilityGlobals) = postSolution
		SolutionGuid = {DCEEE2FC-ECBD-42B3-BC97-08269C32B7A5}
	EndGlobalSection
EndGlobal
